
Microsoft Visual Studio Solution File, Format Version 12.00
# Visual Studio Version 16
VisualStudioVersion = 16.0.31424.327
MinimumVisualStudioVersion = 10.0.40219.1
Project("{FAE04EC0-301F-11D3-BF4B-00C04F79EFBC}") = "HandsOn.Tryouts", "HandsOn.Tryouts\HandsOn.Tryouts.csproj", "{F11D1FAF-3B0F-4EF6-A5D0-F8970FC9EE54}"
EndProject
Project("{FAE04EC0-301F-11D3-BF4B-00C04F79EFBC}") = "BusinessAccessLayer", "BusinessAccessLayer\BusinessAccessLayer.csproj", "{5A82B173-C413-481C-8C55-392178BE4389}"
EndProject
Project("{FAE04EC0-301F-11D3-BF4B-00C04F79EFBC}") = "UnitTestsBAL", "UnitTestsBAL\UnitTestsBAL.csproj", "{0E9F7F79-86E5-4671-B9CB-A663012CFB70}"
EndProject
Global
	GlobalSection(SolutionConfigurationPlatforms) = preSolution
		Debug|Any CPU = Debug|Any CPU
		Release|Any CPU = Release|Any CPU
	EndGlobalSection
	GlobalSection(ProjectConfigurationPlatforms) = postSolution
		{F11D1FAF-3B0F-4EF6-A5D0-F8970FC9EE54}.Debug|Any CPU.ActiveCfg = Debug|Any CPU
		{F11D1FAF-3B0F-4EF6-A5D0-F8970FC9EE54}.Debug|Any CPU.Build.0 = Debug|Any CPU
		{F11D1FAF-3B0F-4EF6-A5D0-F8970FC9EE54}.Release|Any CPU.ActiveCfg = Release|Any CPU
		{F11D1FAF-3B0F-4EF6-A5D0-F8970FC9EE54}.Release|Any CPU.Build.0 = Release|Any CPU
		{5A82B173-C413-481C-8C55-392178BE4389}.Debug|Any CPU.ActiveCfg = Debug|Any CPU
		{5A82B173-C413-481C-8C55-392178BE4389}.Debug|Any CPU.Build.0 = Debug|Any CPU
		{5A82B173-C413-481C-8C55-392178BE4389}.Release|Any CPU.ActiveCfg = Release|Any CPU
		{5A82B173-C413-481C-8C55-392178BE4389}.Release|Any CPU.Build.0 = Release|Any CPU
		{0E9F7F79-86E5-4671-B9CB-A663012CFB70}.Debug|Any CPU.ActiveCfg = Debug|Any CPU
		{0E9F7F79-86E5-4671-B9CB-A663012CFB70}.Debug|Any CPU.Build.0 = Debug|Any CPU
		{0E9F7F79-86E5-4671-B9CB-A663012CFB70}.Release|Any CPU.ActiveCfg = Release|Any CPU
		{0E9F7F79-86E5-4671-B9CB-A663012CFB70}.Release|Any CPU.Build.0 = Release|Any CPU
	EndGlobalSection
	GlobalSection(SolutionProperties) = preSolution
		HideSolutionNode = FALSE
	EndGlobalSection
	GlobalSection(ExtensibilityGlobals) = postSolution
		SolutionGuid = {F8884D76-8102-4619-AB1F-72B18F45BA2C}
	EndGlobalSection
EndGlobal
